
Microsoft Visual Studio Solution File, Format Version 12.00
# Visual Studio Version 17
VisualStudioVersion = 17.13.35818.85
MinimumVisualStudioVersion = 10.0.40219.1
Project("{FAE04EC0-301F-11D3-BF4B-00C04F79EFBC}") = "SmartBike", "SmartBike\SmartBike.csproj", "{D7242716-CCE9-4F3B-972D-2A5DAFF24081}"
EndProject
Project("{FAE04EC0-301F-11D3-BF4B-00C04F79EFBC}") = "Modelos", "Modelos\Modelos.csproj", "{C47521A6-B397-443C-B552-FF7318A0B8DC}"
EndProject
Global
	GlobalSection(SolutionConfigurationPlatforms) = preSolution
		Debug|Any CPU = Debug|Any CPU
		Release|Any CPU = Release|Any CPU
	EndGlobalSection
	GlobalSection(ProjectConfigurationPlatforms) = postSolution
		{D7242716-CCE9-4F3B-972D-2A5DAFF24081}.Debug|Any CPU.ActiveCfg = Debug|Any CPU
		{D7242716-CCE9-4F3B-972D-2A5DAFF24081}.Debug|Any CPU.Build.0 = Debug|Any CPU
		{D7242716-CCE9-4F3B-972D-2A5DAFF24081}.Release|Any CPU.ActiveCfg = Release|Any CPU
		{D7242716-CCE9-4F3B-972D-2A5DAFF24081}.Release|Any CPU.Build.0 = Release|Any CPU
		{C47521A6-B397-443C-B552-FF7318A0B8DC}.Debug|Any CPU.ActiveCfg = Debug|Any CPU
		{C47521A6-B397-443C-B552-FF7318A0B8DC}.Debug|Any CPU.Build.0 = Debug|Any CPU
		{C47521A6-B397-443C-B552-FF7318A0B8DC}.Release|Any CPU.ActiveCfg = Release|Any CPU
		{C47521A6-B397-443C-B552-FF7318A0B8DC}.Release|Any CPU.Build.0 = Release|Any CPU
	EndGlobalSection
	GlobalSection(SolutionProperties) = preSolution
		HideSolutionNode = FALSE
	EndGlobalSection
	GlobalSection(ExtensibilityGlobals) = postSolution
		SolutionGuid = {B9DDAEF3-D17A-4280-A90D-5311791CCE15}
	EndGlobalSection
EndGlobal
